# Generated by pub
# See https://dart.dev/tools/pub/glossary#lockfile
packages:
  abstract_dart:
    dependency: transitive
    description:
      name: abstract_dart
      url: "https://pub.dartlang.org"
    source: hosted
    version: "1.0.2"
  async:
    dependency: "direct main"
    description:
      name: async
      url: "https://pub.dartlang.org"
    source: hosted
    version: "2.4.0"
  bird:
    dependency: transitive
    description:
      name: bird
      url: "https://pub.dartlang.org"
    source: hosted
    version: "0.0.3+5"
  bird_cryptography:
    dependency: "direct main"
    description:
      name: bird_cryptography
      url: "https://pub.dartlang.org"
    source: hosted
    version: "0.0.1+2"
  charcode:
    dependency: transitive
    description:
      name: charcode
      url: "https://pub.dartlang.org"
    source: hosted
    version: "1.1.2"
  collection:
    dependency: transitive
    description:
      name: collection
      url: "https://pub.dartlang.org"
    source: hosted
    version: "1.14.11"
  convert:
    dependency: transitive
    description:
      name: convert
      url: "https://pub.dartlang.org"
    source: hosted
    version: "2.1.1"
  crypto:
    dependency: "direct main"
    description:
      name: crypto
      url: "https://pub.dartlang.org"
    source: hosted
    version: "2.1.3"
  dartz:
    dependency: transitive
    description:
      name: dartz
      url: "https://pub.dartlang.org"
    source: hosted
    version: "0.9.0-dev.5"
  decimal:
    dependency: transitive
    description:
      name: decimal
      url: "https://pub.dartlang.org"
    source: hosted
    version: "0.3.5"
  matcher:
    dependency: transitive
    description:
      name: matcher
      url: "https://pub.dartlang.org"
    source: hosted
    version: "0.12.6"
  meta:
    dependency: "direct main"
    description:
      name: meta
      url: "https://pub.dartlang.org"
    source: hosted
    version: "1.1.8"
  path:
    dependency: transitive
    description:
      name: path
      url: "https://pub.dartlang.org"
    source: hosted
    version: "1.6.4"
  pedantic:
    dependency: transitive
    description:
      name: pedantic
      url: "https://pub.dartlang.org"
    source: hosted
    version: "1.9.0"
  pointycastle:
    dependency: transitive
    description:
      name: pointycastle
      url: "https://pub.dartlang.org"
    source: hosted
    version: "1.0.2"
  quiver:
    dependency: transitive
    description:
      name: quiver
      url: "https://pub.dartlang.org"
    source: hosted
    version: "2.1.2+1"
  rational:
    dependency: transitive
    description:
      name: rational
      url: "https://pub.dartlang.org"
    source: hosted
    version: "0.3.6"
  stack_trace:
    dependency: transitive
    description:
      name: stack_trace
      url: "https://pub.dartlang.org"
    source: hosted
    version: "1.9.3"
  statemachine:
    dependency: transitive
    description:
      name: statemachine
      url: "https://pub.dartlang.org"
    source: hosted
    version: "1.6.0"
  stream_channel:
    dependency: transitive
    description:
      name: stream_channel
      url: "https://pub.dartlang.org"
    source: hosted
    version: "2.0.0"
  trie:
    dependency: transitive
    description:
      name: trie
      url: "https://pub.dartlang.org"
    source: hosted
    version: "1.0.2"
  typed_data:
    dependency: transitive
    description:
      name: typed_data
      url: "https://pub.dartlang.org"
    source: hosted
    version: "1.1.6"
  web_socket_channel:
    dependency: "direct main"
    description:
      name: web_socket_channel
      url: "https://pub.dartlang.org"
    source: hosted
    version: "1.1.0"
sdks:
  dart: ">=2.6.0 <3.0.0"
